
Microsoft Visual Studio Solution File, Format Version 12.00
# Visual Studio 14
VisualStudioVersion = 14.0.24720.0
MinimumVisualStudioVersion = 10.0.40219.1
Project("{FAE04EC0-301F-11D3-BF4B-00C04F79EFBC}") = "GTLNode", "GTLNode\GTLNode.csproj", "{B488AC74-20A0-4CC8-BBE3-E405B19DDF95}"
EndProject
Project("{FAE04EC0-301F-11D3-BF4B-00C04F79EFBC}") = "Common", "Common\Common.csproj", "{BB24E875-7461-4C31-88AE-D1600604A7C3}"
EndProject
Project("{8BB2217D-0F2D-49D1-97BC-3654ED321F3B}") = "WebSite", "WebSite\WebSite.xproj", "{A7658870-00D6-4A85-AE8F-443BD9DF2A81}"
EndProject
Global
	GlobalSection(SolutionConfigurationPlatforms) = preSolution
		Debug|Any CPU = Debug|Any CPU
		Debug|ARM = Debug|ARM
		Debug|x64 = Debug|x64
		Debug|x86 = Debug|x86
		Release|Any CPU = Release|Any CPU
		Release|ARM = Release|ARM
		Release|x64 = Release|x64
		Release|x86 = Release|x86
	EndGlobalSection
	GlobalSection(ProjectConfigurationPlatforms) = postSolution
		{B488AC74-20A0-4CC8-BBE3-E405B19DDF95}.Debug|Any CPU.ActiveCfg = Debug|x86
		{B488AC74-20A0-4CC8-BBE3-E405B19DDF95}.Debug|ARM.ActiveCfg = Debug|ARM
		{B488AC74-20A0-4CC8-BBE3-E405B19DDF95}.Debug|ARM.Build.0 = Debug|ARM
		{B488AC74-20A0-4CC8-BBE3-E405B19DDF95}.Debug|ARM.Deploy.0 = Debug|ARM
		{B488AC74-20A0-4CC8-BBE3-E405B19DDF95}.Debug|x64.ActiveCfg = Debug|x64
		{B488AC74-20A0-4CC8-BBE3-E405B19DDF95}.Debug|x64.Build.0 = Debug|x64
		{B488AC74-20A0-4CC8-BBE3-E405B19DDF95}.Debug|x64.Deploy.0 = Debug|x64
		{B488AC74-20A0-4CC8-BBE3-E405B19DDF95}.Debug|x86.ActiveCfg = Debug|x86
		{B488AC74-20A0-4CC8-BBE3-E405B19DDF95}.Debug|x86.Build.0 = Debug|x86
		{B488AC74-20A0-4CC8-BBE3-E405B19DDF95}.Debug|x86.Deploy.0 = Debug|x86
		{B488AC74-20A0-4CC8-BBE3-E405B19DDF95}.Release|Any CPU.ActiveCfg = Release|x86
		{B488AC74-20A0-4CC8-BBE3-E405B19DDF95}.Release|ARM.ActiveCfg = Release|ARM
		{B488AC74-20A0-4CC8-BBE3-E405B19DDF95}.Release|ARM.Build.0 = Release|ARM
		{B488AC74-20A0-4CC8-BBE3-E405B19DDF95}.Release|ARM.Deploy.0 = Release|ARM
		{B488AC74-20A0-4CC8-BBE3-E405B19DDF95}.Release|x64.ActiveCfg = Release|x64
		{B488AC74-20A0-4CC8-BBE3-E405B19DDF95}.Release|x64.Build.0 = Release|x64
		{B488AC74-20A0-4CC8-BBE3-E405B19DDF95}.Release|x64.Deploy.0 = Release|x64
		{B488AC74-20A0-4CC8-BBE3-E405B19DDF95}.Release|x86.ActiveCfg = Release|x86
		{B488AC74-20A0-4CC8-BBE3-E405B19DDF95}.Release|x86.Build.0 = Release|x86
		{B488AC74-20A0-4CC8-BBE3-E405B19DDF95}.Release|x86.Deploy.0 = Release|x86
		{BB24E875-7461-4C31-88AE-D1600604A7C3}.Debug|Any CPU.ActiveCfg = Debug|Any CPU
		{BB24E875-7461-4C31-88AE-D1600604A7C3}.Debug|Any CPU.Build.0 = Debug|Any CPU
		{BB24E875-7461-4C31-88AE-D1600604A7C3}.Debug|ARM.ActiveCfg = Debug|Any CPU
		{BB24E875-7461-4C31-88AE-D1600604A7C3}.Debug|ARM.Build.0 = Debug|Any CPU
		{BB24E875-7461-4C31-88AE-D1600604A7C3}.Debug|x64.ActiveCfg = Debug|Any CPU
		{BB24E875-7461-4C31-88AE-D1600604A7C3}.Debug|x64.Build.0 = Debug|Any CPU
		{BB24E875-7461-4C31-88AE-D1600604A7C3}.Debug|x86.ActiveCfg = Debug|Any CPU
		{BB24E875-7461-4C31-88AE-D1600604A7C3}.Debug|x86.Build.0 = Debug|Any CPU
		{BB24E875-7461-4C31-88AE-D1600604A7C3}.Release|Any CPU.ActiveCfg = Release|Any CPU
		{BB24E875-7461-4C31-88AE-D1600604A7C3}.Release|Any CPU.Build.0 = Release|Any CPU
		{BB24E875-7461-4C31-88AE-D1600604A7C3}.Release|ARM.ActiveCfg = Release|Any CPU
		{BB24E875-7461-4C31-88AE-D1600604A7C3}.Release|ARM.Build.0 = Release|Any CPU
		{BB24E875-7461-4C31-88AE-D1600604A7C3}.Release|x64.ActiveCfg = Release|Any CPU
		{BB24E875-7461-4C31-88AE-D1600604A7C3}.Release|x64.Build.0 = Release|Any CPU
		{BB24E875-7461-4C31-88AE-D1600604A7C3}.Release|x86.ActiveCfg = Release|Any CPU
		{BB24E875-7461-4C31-88AE-D1600604A7C3}.Release|x86.Build.0 = Release|Any CPU
		{A7658870-00D6-4A85-AE8F-443BD9DF2A81}.Debug|Any CPU.ActiveCfg = Debug|Any CPU
		{A7658870-00D6-4A85-AE8F-443BD9DF2A81}.Debug|Any CPU.Build.0 = Debug|Any CPU
		{A7658870-00D6-4A85-AE8F-443BD9DF2A81}.Debug|ARM.ActiveCfg = Debug|Any CPU
		{A7658870-00D6-4A85-AE8F-443BD9DF2A81}.Debug|ARM.Build.0 = Debug|Any CPU
		{A7658870-00D6-4A85-AE8F-443BD9DF2A81}.Debug|x64.ActiveCfg = Debug|Any CPU
		{A7658870-00D6-4A85-AE8F-443BD9DF2A81}.Debug|x64.Build.0 = Debug|Any CPU
		{A7658870-00D6-4A85-AE8F-443BD9DF2A81}.Debug|x86.ActiveCfg = Debug|Any CPU
		{A7658870-00D6-4A85-AE8F-443BD9DF2A81}.Debug|x86.Build.0 = Debug|Any CPU
		{A7658870-00D6-4A85-AE8F-443BD9DF2A81}.Release|Any CPU.ActiveCfg = Release|Any CPU
		{A7658870-00D6-4A85-AE8F-443BD9DF2A81}.Release|Any CPU.Build.0 = Release|Any CPU
		{A7658870-00D6-4A85-AE8F-443BD9DF2A81}.Release|ARM.ActiveCfg = Release|Any CPU
		{A7658870-00D6-4A85-AE8F-443BD9DF2A81}.Release|ARM.Build.0 = Release|Any CPU
		{A7658870-00D6-4A85-AE8F-443BD9DF2A81}.Release|x64.ActiveCfg = Release|Any CPU
		{A7658870-00D6-4A85-AE8F-443BD9DF2A81}.Release|x64.Build.0 = Release|Any CPU
		{A7658870-00D6-4A85-AE8F-443BD9DF2A81}.Release|x86.ActiveCfg = Release|Any CPU
		{A7658870-00D6-4A85-AE8F-443BD9DF2A81}.Release|x86.Build.0 = Release|Any CPU
	EndGlobalSection
	GlobalSection(SolutionProperties) = preSolution
		HideSolutionNode = FALSE
	EndGlobalSection
EndGlobal
